
Microsoft Visual Studio Solution File, Format Version 11.00
# Visual Studio 2010
Project("{FAE04EC0-301F-11D3-BF4B-00C04F79EFBC}") = "kinecttest1", "Assembly-CSharp-firstpass.csproj", "{72265695-5F81-9378-D3C4-F9A9084E70B4}"
EndProject
Project("{FAE04EC0-301F-11D3-BF4B-00C04F79EFBC}") = "kinecttest1", "Assembly-CSharp.csproj", "{88910227-6819-5E53-3AB8-8FBE03802D95}"
EndProject
Project("{FAE04EC0-301F-11D3-BF4B-00C04F79EFBC}") = "kinecttest1", "Assembly-CSharp-Editor-firstpass.csproj", "{8C2A29B8-7FB6-17F9-CACC-B4CB200F4CE3}"
EndProject
Global
	GlobalSection(SolutionConfigurationPlatforms) = preSolution
		Debug|Any CPU = Debug|Any CPU
		Release|Any CPU = Release|Any CPU
	EndGlobalSection
	GlobalSection(ProjectConfigurationPlatforms) = postSolution
		{72265695-5F81-9378-D3C4-F9A9084E70B4}.Debug|Any CPU.ActiveCfg = Debug|Any CPU
		{72265695-5F81-9378-D3C4-F9A9084E70B4}.Debug|Any CPU.Build.0 = Debug|Any CPU
		{72265695-5F81-9378-D3C4-F9A9084E70B4}.Release|Any CPU.ActiveCfg = Release|Any CPU
		{72265695-5F81-9378-D3C4-F9A9084E70B4}.Release|Any CPU.Build.0 = Release|Any CPU
		{88910227-6819-5E53-3AB8-8FBE03802D95}.Debug|Any CPU.ActiveCfg = Debug|Any CPU
		{88910227-6819-5E53-3AB8-8FBE03802D95}.Debug|Any CPU.Build.0 = Debug|Any CPU
		{88910227-6819-5E53-3AB8-8FBE03802D95}.Release|Any CPU.ActiveCfg = Release|Any CPU
		{88910227-6819-5E53-3AB8-8FBE03802D95}.Release|Any CPU.Build.0 = Release|Any CPU
		{8C2A29B8-7FB6-17F9-CACC-B4CB200F4CE3}.Debug|Any CPU.ActiveCfg = Debug|Any CPU
		{8C2A29B8-7FB6-17F9-CACC-B4CB200F4CE3}.Debug|Any CPU.Build.0 = Debug|Any CPU
		{8C2A29B8-7FB6-17F9-CACC-B4CB200F4CE3}.Release|Any CPU.ActiveCfg = Release|Any CPU
		{8C2A29B8-7FB6-17F9-CACC-B4CB200F4CE3}.Release|Any CPU.Build.0 = Release|Any CPU
	EndGlobalSection
	GlobalSection(SolutionProperties) = preSolution
		HideSolutionNode = FALSE
	EndGlobalSection
	GlobalSection(MonoDevelopProperties) = preSolution
		StartupItem = Assembly-CSharp.csproj
	EndGlobalSection
EndGlobal
